
Microsoft Visual Studio Solution File, Format Version 12.00
# Visual Studio 2012
Project("{FAE04EC0-301F-11D3-BF4B-00C04F79EFBC}") = "GreyhoundRace", "GreyhoundRace\GreyhoundRace.csproj", "{96CB786B-B916-4D3A-83AF-4053D6AD65D8}"
EndProject
Project("{FAE04EC0-301F-11D3-BF4B-00C04F79EFBC}") = "Common", "Common\Common.csproj", "{BF28A458-AD1D-43D2-9490-D6704EA50096}"
EndProject
Project("{FAE04EC0-301F-11D3-BF4B-00C04F79EFBC}") = "Services", "Services\Services.csproj", "{2E726CE4-9D8D-40E9-8A18-BDE9E82B3EC6}"
EndProject
Global
	GlobalSection(SolutionConfigurationPlatforms) = preSolution
		Debug|Any CPU = Debug|Any CPU
		Release|Any CPU = Release|Any CPU
	EndGlobalSection
	GlobalSection(ProjectConfigurationPlatforms) = postSolution
		{96CB786B-B916-4D3A-83AF-4053D6AD65D8}.Debug|Any CPU.ActiveCfg = Debug|Any CPU
		{96CB786B-B916-4D3A-83AF-4053D6AD65D8}.Debug|Any CPU.Build.0 = Debug|Any CPU
		{96CB786B-B916-4D3A-83AF-4053D6AD65D8}.Release|Any CPU.ActiveCfg = Release|Any CPU
		{96CB786B-B916-4D3A-83AF-4053D6AD65D8}.Release|Any CPU.Build.0 = Release|Any CPU
		{BF28A458-AD1D-43D2-9490-D6704EA50096}.Debug|Any CPU.ActiveCfg = Debug|Any CPU
		{BF28A458-AD1D-43D2-9490-D6704EA50096}.Debug|Any CPU.Build.0 = Debug|Any CPU
		{BF28A458-AD1D-43D2-9490-D6704EA50096}.Release|Any CPU.ActiveCfg = Release|Any CPU
		{BF28A458-AD1D-43D2-9490-D6704EA50096}.Release|Any CPU.Build.0 = Release|Any CPU
		{2E726CE4-9D8D-40E9-8A18-BDE9E82B3EC6}.Debug|Any CPU.ActiveCfg = Debug|Any CPU
		{2E726CE4-9D8D-40E9-8A18-BDE9E82B3EC6}.Debug|Any CPU.Build.0 = Debug|Any CPU
		{2E726CE4-9D8D-40E9-8A18-BDE9E82B3EC6}.Release|Any CPU.ActiveCfg = Release|Any CPU
		{2E726CE4-9D8D-40E9-8A18-BDE9E82B3EC6}.Release|Any CPU.Build.0 = Release|Any CPU
	EndGlobalSection
	GlobalSection(SolutionProperties) = preSolution
		HideSolutionNode = FALSE
	EndGlobalSection
EndGlobal
